
Microsoft Visual Studio Solution File, Format Version 12.00
# Visual Studio Version 17
VisualStudioVersion = 17.3.32922.545
MinimumVisualStudioVersion = 10.0.40219.1
Project("{FAE04EC0-301F-11D3-BF4B-00C04F79EFBC}") = "Calculator", "Calculator.csproj", "{AAF17452-776B-4972-86D2-57FB3BC9A08B}"
EndProject
Global
	GlobalSection(SolutionConfigurationPlatforms) = preSolution
		Debug|Any CPU = Debug|Any CPU
		Release|Any CPU = Release|Any CPU
	EndGlobalSection
	GlobalSection(ProjectConfigurationPlatforms) = postSolution
		{AAF17452-776B-4972-86D2-57FB3BC9A08B}.Debug|Any CPU.ActiveCfg = Debug|Any CPU
		{AAF17452-776B-4972-86D2-57FB3BC9A08B}.Debug|Any CPU.Build.0 = Debug|Any CPU
		{AAF17452-776B-4972-86D2-57FB3BC9A08B}.Release|Any CPU.ActiveCfg = Release|Any CPU
		{AAF17452-776B-4972-86D2-57FB3BC9A08B}.Release|Any CPU.Build.0 = Release|Any CPU
	EndGlobalSection
	GlobalSection(SolutionProperties) = preSolution
		HideSolutionNode = FALSE
	EndGlobalSection
	GlobalSection(ExtensibilityGlobals) = postSolution
		SolutionGuid = {CAEF7156-E298-416F-A8DE-96CFA317BE85}
	EndGlobalSection
EndGlobal
